// !$*UTF8*$!
{
	archiveVersion = 1;
	classes = {
	};
	objectVersion = 46;
	objects = {

/* Begin PBXBuildFile section */
		7F2C2E90398988E08991944D /* Pods_SOStripe.framework in Frameworks */ = {isa = PBXBuildFile; fileRef = 705EB6AEBEFC8A7BA16AC2D5 /* Pods_SOStripe.framework */; };
		F939F7831DAB66B700449CB4 /* StripeCardVC.swift in Sources */ = {isa = PBXBuildFile; fileRef = F939F7821DAB66B700449CB4 /* StripeCardVC.swift */; };
		F98BBF611DAB52E3009AF17B /* AppDelegate.swift in Sources */ = {isa = PBXBuildFile; fileRef = F98BBF601DAB52E3009AF17B /* AppDelegate.swift */; };
		F98BBF631DAB52E3009AF17B /* ViewController.swift in Sources */ = {isa = PBXBuildFile; fileRef = F98BBF621DAB52E3009AF17B /* ViewController.swift */; };
		F98BBF661DAB52E3009AF17B /* Main.storyboard in Resources */ = {isa = PBXBuildFile; fileRef = F98BBF641DAB52E3009AF17B /* Main.storyboard */; };
		F98BBF681DAB52E3009AF17B /* Assets.xcassets in Resources */ = {isa = PBXBuildFile; fileRef = F98BBF671DAB52E3009AF17B /* Assets.xcassets */; };
		F98BBF6B1DAB52E3009AF17B /* LaunchScreen.storyboard in Resources */ = {isa = PBXBuildFile; fileRef = F98BBF691DAB52E3009AF17B /* LaunchScreen.storyboard */; };
/* End PBXBuildFile section */

/* Begin PBXFileReference section */
		31E62559AFCBDF4BC121C8B6 /* Pods-SOStripe.debug.xcconfig */ = {isa = PBXFileReference; includeInIndex = 1; lastKnownFileType = text.xcconfig; name = "Pods-SOStripe.debug.xcconfig"; path = "Pods/Target Support Files/Pods-SOStripe/Pods-SOStripe.debug.xcconfig"; sourceTree = "<group>"; };
		6C9938CDF96E35571DB351CF /* Pods-SOStripe.release.xcconfig */ = {isa = PBXFileReference; includeInIndex = 1; lastKnownFileType = text.xcconfig; name = "Pods-SOStripe.release.xcconfig"; path = "Pods/Target Support Files/Pods-SOStripe/Pods-SOStripe.release.xcconfig"; sourceTree = "<group>"; };
		705EB6AEBEFC8A7BA16AC2D5 /* Pods_SOStripe.framework */ = {isa = PBXFileReference; explicitFileType = wrapper.framework; includeInIndex = 0; path = Pods_SOStripe.framework; sourceTree = BUILT_PRODUCTS_DIR; };
		F939F7821DAB66B700449CB4 /* StripeCardVC.swift */ = {isa = PBXFileReference; fileEncoding = 4; lastKnownFileType = sourcecode.swift; path = StripeCardVC.swift; sourceTree = "<group>"; };
		F98BBF5D1DAB52E3009AF17B /* SOStripe.app */ = {isa = PBXFileReference; explicitFileType = wrapper.application; includeInIndex = 0; path = SOStripe.app; sourceTree = BUILT_PRODUCTS_DIR; };
		F98BBF601DAB52E3009AF17B /* AppDelegate.swift */ = {isa = PBXFileReference; lastKnownFileType = sourcecode.swift; path = AppDelegate.swift; sourceTree = "<group>"; };
		F98BBF621DAB52E3009AF17B /* ViewController.swift */ = {isa = PBXFileReference; lastKnownFileType = sourcecode.swift; path = ViewController.swift; sourceTree = "<group>"; };
		F98BBF651DAB52E3009AF17B /* Base */ = {isa = PBXFileReference; lastKnownFileType = file.storyboard; name = Base; path = Base.lproj/Main.storyboard; sourceTree = "<group>"; };
		F98BBF671DAB52E3009AF17B /* Assets.xcassets */ = {isa = PBXFileReference; lastKnownFileType = folder.assetcatalog; path = Assets.xcassets; sourceTree = "<group>"; };
		F98BBF6A1DAB52E3009AF17B /* Base */ = {isa = PBXFileReference; lastKnownFileType = file.storyboard; name = Base; path = Base.lproj/LaunchScreen.storyboard; sourceTree = "<group>"; };
		F98BBF6C1DAB52E3009AF17B /* Info.plist */ = {isa = PBXFileReference; lastKnownFileType = text.plist.xml; path = Info.plist; sourceTree = "<group>"; };
/* End PBXFileReference section */

/* Begin PBXFrameworksBuildPhase section */
		F98BBF5A1DAB52E3009AF17B /* Frameworks */ = {
			isa = PBXFrameworksBuildPhase;
			buildActionMask = 2147483647;
			files = (
				7F2C2E90398988E08991944D /* Pods_SOStripe.framework in Frameworks */,
			);
			runOnlyForDeploymentPostprocessing = 0;
		};
/* End PBXFrameworksBuildPhase section */

/* Begin PBXGroup section */
		C1E3B87BA1F1D50FD6CFFBFA /* Pods */ = {
			isa = PBXGroup;
			children = (
				31E62559AFCBDF4BC121C8B6 /* Pods-SOStripe.debug.xcconfig */,
				6C9938CDF96E35571DB351CF /* Pods-SOStripe.release.xcconfig */,
			);
			name = Pods;
			sourceTree = "<group>";
		};
		CC7043595C2046C3B30C8804 /* Frameworks */ = {
			isa = PBXGroup;
			children = (
				705EB6AEBEFC8A7BA16AC2D5 /* Pods_SOStripe.framework */,
			);
			name = Frameworks;
			sourceTree = "<group>";
		};
		F98BBF541DAB52E3009AF17B = {
			isa = PBXGroup;
			children = (
				F98BBF5F1DAB52E3009AF17B /* SOStripe */,
				F98BBF5E1DAB52E3009AF17B /* Products */,
				C1E3B87BA1F1D50FD6CFFBFA /* Pods */,
				CC7043595C2046C3B30C8804 /* Frameworks */,
			);
			sourceTree = "<group>";
		};
		F98BBF5E1DAB52E3009AF17B /* Products */ = {
			isa = PBXGroup;
			children = (
				F98BBF5D1DAB52E3009AF17B /* SOStripe.app */,
			);
			name = Products;
			sourceTree = "<group>";
		};
		F98BBF5F1DAB52E3009AF17B /* SOStripe */ = {
			isa = PBXGroup;
			children = (
				F98BBF601DAB52E3009AF17B /* AppDelegate.swift */,
				F98BBF621DAB52E3009AF17B /* ViewController.swift */,
				F939F7821DAB66B700449CB4 /* StripeCardVC.swift */,
				F98BBF641DAB52E3009AF17B /* Main.storyboard */,
				F98BBF671DAB52E3009AF17B /* Assets.xcassets */,
				F98BBF691DAB52E3009AF17B /* LaunchScreen.storyboard */,
				F98BBF6C1DAB52E3009AF17B /* Info.plist */,
			);
			path = SOStripe;
			sourceTree = "<group>";
		};
/* End PBXGroup section */

/* Begin PBXNativeTarget section */
		F98BBF5C1DAB52E3009AF17B /* SOStripe */ = {
			isa = PBXNativeTarget;
			buildConfigurationList = F98BBF6F1DAB52E3009AF17B /* Build configuration list for PBXNativeTarget "SOStripe" */;
			buildPhases = (
				82EB861A6C32EC4E8041F8D5 /* [CP] Check Pods Manifest.lock */,
				F98BBF591DAB52E3009AF17B /* Sources */,
				F98BBF5A1DAB52E3009AF17B /* Frameworks */,
				F98BBF5B1DAB52E3009AF17B /* Resources */,
				3EF5B5A13EEDCA79384DA743 /* [CP] Embed Pods Frameworks */,
				63AE0E5558C52838349077A0 /* [CP] Copy Pods Resources */,
			);
			buildRules = (
			);
			dependencies = (
			);
			name = SOStripe;
			productName = SOStripe;
			productReference = F98BBF5D1DAB52E3009AF17B /* SOStripe.app */;
			productType = "com.apple.product-type.application";
		};
/* End PBXNativeTarget section */

/* Begin PBXProject section */
		F98BBF551DAB52E3009AF17B /* Project object */ = {
			isa = PBXProject;
			attributes = {
				LastSwiftUpdateCheck = 0730;
				LastUpgradeCheck = 0730;
				ORGANIZATIONNAME = myCompany;
				TargetAttributes = {
					F98BBF5C1DAB52E3009AF17B = {
						CreatedOnToolsVersion = 7.3;
					};
				};
			};
			buildConfigurationList = F98BBF581DAB52E3009AF17B /* Build configuration list for PBXProject "SOStripe" */;
			compatibilityVersion = "Xcode 3.2";
			developmentRegion = English;
			hasScannedForEncodings = 0;
			knownRegions = (
				en,
				Base,
			);
			mainGroup = F98BBF541DAB52E3009AF17B;
			productRefGroup = F98BBF5E1DAB52E3009AF17B /* Products */;
			projectDirPath = "";
			projectRoot = "";
			targets = (
				F98BBF5C1DAB52E3009AF17B /* SOStripe */,
			);
		};
/* End PBXProject section */

/* Begin PBXResourcesBuildPhase section */
		F98BBF5B1DAB52E3009AF17B /* Resources */ = {
			isa = PBXResourcesBuildPhase;
			buildActionMask = 2147483647;
			files = (
				F98BBF6B1DAB52E3009AF17B /* LaunchScreen.storyboard in Resources */,
				F98BBF681DAB52E3009AF17B /* Assets.xcassets in Resources */,
				F98BBF661DAB52E3009AF17B /* Main.storyboard in Resources */,
			);
			runOnlyForDeploymentPostprocessing = 0;
		};
/* End PBXResourcesBuildPhase section */

/* Begin PBXShellScriptBuildPhase section */
		3EF5B5A13EEDCA79384DA743 /* [CP] Embed Pods Frameworks */ = {
			isa = PBXShellScriptBuildPhase;
			buildActionMask = 2147483647;
			files = (
			);
			inputPaths = (
			);
			name = "[CP] Embed Pods Frameworks";
			outputPaths = (
			);
			runOnlyForDeploymentPostprocessing = 0;
			shellPath = /bin/sh;
			shellScript = "\"${SRCROOT}/Pods/Target Support Files/Pods-SOStripe/Pods-SOStripe-frameworks.sh\"\n";
			showEnvVarsInLog = 0;
		};
		63AE0E5558C52838349077A0 /* [CP] Copy Pods Resources */ = {
			isa = PBXShellScriptBuildPhase;
			buildActionMask = 2147483647;
			files = (
			);
			inputPaths = (
			);
			name = "[CP] Copy Pods Resources";
			outputPaths = (
			);
			runOnlyForDeploymentPostprocessing = 0;
			shellPath = /bin/sh;
			shellScript = "\"${SRCROOT}/Pods/Target Support Files/Pods-SOStripe/Pods-SOStripe-resources.sh\"\n";
			showEnvVarsInLog = 0;
		};
		82EB861A6C32EC4E8041F8D5 /* [CP] Check Pods Manifest.lock */ = {
			isa = PBXShellScriptBuildPhase;
			buildActionMask = 2147483647;
			files = (
			);
			inputPaths = (
			);
			name = "[CP] Check Pods Manifest.lock";
			outputPaths = (
			);
			runOnlyForDeploymentPostprocessing = 0;
			shellPath = /bin/sh;
			shellScript = "diff \"${PODS_ROOT}/../Podfile.lock\" \"${PODS_ROOT}/Manifest.lock\" > /dev/null\nif [[ $? != 0 ]] ; then\n    cat << EOM\nerror: The sandbox is not in sync with the Podfile.lock. Run 'pod install' or update your CocoaPods installation.\nEOM\n    exit 1\nfi\n";
			showEnvVarsInLog = 0;
		};
/* End PBXShellScriptBuildPhase section */

/* Begin PBXSourcesBuildPhase section */
		F98BBF591DAB52E3009AF17B /* Sources */ = {
			isa = PBXSourcesBuildPhase;
			buildActionMask = 2147483647;
			files = (
				F98BBF631DAB52E3009AF17B /* ViewController.swift in Sources */,
				F939F7831DAB66B700449CB4 /* StripeCardVC.swift in Sources */,
				F98BBF611DAB52E3009AF17B /* AppDelegate.swift in Sources */,
			);
			runOnlyForDeploymentPostprocessing = 0;
		};
/* End PBXSourcesBuildPhase section */

/* Begin PBXVariantGroup section */
		F98BBF641DAB52E3009AF17B /* Main.storyboard */ = {
			isa = PBXVariantGroup;
			children = (
				F98BBF651DAB52E3009AF17B /* Base */,
			);
			name = Main.storyboard;
			sourceTree = "<group>";
		};
		F98BBF691DAB52E3009AF17B /* LaunchScreen.storyboard */ = {
			isa = PBXVariantGroup;
			children = (
				F98BBF6A1DAB52E3009AF17B /* Base */,
			);
			name = LaunchScreen.storyboard;
			sourceTree = "<group>";
		};
/* End PBXVariantGroup section */

/* Begin XCBuildConfiguration section */
		F98BBF6D1DAB52E3009AF17B /* Debug */ = {
			isa = XCBuildConfiguration;
			buildSettings = {
				ALWAYS_SEARCH_USER_PATHS = NO;
				CLANG_ANALYZER_NONNULL = YES;
				CLANG_CXX_LANGUAGE_STANDARD = "gnu++0x";
				CLANG_CXX_LIBRARY = "libc++";
				CLANG_ENABLE_MODULES = YES;
				CLANG_ENABLE_OBJC_ARC = YES;
				CLANG_WARN_BOOL_CONVERSION = YES;
				CLANG_WARN_CONSTANT_CONVERSION = YES;
				CLANG_WARN_DIRECT_OBJC_ISA_USAGE = YES_ERROR;
				CLANG_WARN_EMPTY_BODY = YES;
				CLANG_WARN_ENUM_CONVERSION = YES;
				CLANG_WARN_INT_CONVERSION = YES;
				CLANG_WARN_OBJC_ROOT_CLASS = YES_ERROR;
				CLANG_WARN_UNREACHABLE_CODE = YES;
				CLANG_WARN__DUPLICATE_METHOD_MATCH = YES;
				"CODE_SIGN_IDENTITY[sdk=iphoneos*]" = "iPhone Developer";
				COPY_PHASE_STRIP = NO;
				DEBUG_INFORMATION_FORMAT = dwarf;
				ENABLE_STRICT_OBJC_MSGSEND = YES;
				ENABLE_TESTABILITY = YES;
				GCC_C_LANGUAGE_STANDARD = gnu99;
				GCC_DYNAMIC_NO_PIC = NO;
				GCC_NO_COMMON_BLOCKS = YES;
				GCC_OPTIMIZATION_LEVEL = 0;
				GCC_PREPROCESSOR_DEFINITIONS = (
					"DEBUG=1",
					"$(inherited)",
				);
				GCC_WARN_64_TO_32_BIT_CONVERSION = YES;
				GCC_WARN_ABOUT_RETURN_TYPE = YES_ERROR;
				GCC_WARN_UNDECLARED_SELECTOR = YES;
				GCC_WARN_UNINITIALIZED_AUTOS = YES_AGGRESSIVE;
				GCC_WARN_UNUSED_FUNCTION = YES;
				GCC_WARN_UNUSED_VARIABLE = YES;
				IPHONEOS_DEPLOYMENT_TARGET = 9.3;
				MTL_ENABLE_DEBUG_INFO = YES;
				ONLY_ACTIVE_ARCH = YES;
				SDKROOT = iphoneos;
				SWIFT_OPTIMIZATION_LEVEL = "-Onone";
			};
			name = Debug;
		};
		F98BBF6E1DAB52E3009AF17B /* Release */ = {
			isa = XCBuildConfiguration;
			buildSettings = {
				ALWAYS_SEARCH_USER_PATHS = NO;
				CLANG_ANALYZER_NONNULL = YES;
				CLANG_CXX_LANGUAGE_STANDARD = "gnu++0x";
				CLANG_CXX_LIBRARY = "libc++";
				CLANG_ENABLE_MODULES = YES;
				CLANG_ENABLE_OBJC_ARC = YES;
				CLANG_WARN_BOOL_CONVERSION = YES;
				CLANG_WARN_CONSTANT_CONVERSION = YES;
				CLANG_WARN_DIRECT_OBJC_ISA_USAGE = YES_ERROR;
				CLANG_WARN_EMPTY_BODY = YES;
				CLANG_WARN_ENUM_CONVERSION = YES;
				CLANG_WARN_INT_CONVERSION = YES;
				CLANG_WARN_OBJC_ROOT_CLASS = YES_ERROR;
				CLANG_WARN_UNREACHABLE_CODE = YES;
				CLANG_WARN__DUPLICATE_METHOD_MATCH = YES;
				"CODE_SIGN_IDENTITY[sdk=iphoneos*]" = "iPhone Developer";
				COPY_PHASE_STRIP = NO;
				DEBUG_INFORMATION_FORMAT = "dwarf-with-dsym";
				ENABLE_NS_ASSERTIONS = NO;
				ENABLE_STRICT_OBJC_MSGSEND = YES;
				GCC_C_LANGUAGE_STANDARD = gnu99;
				GCC_NO_COMMON_BLOCKS = YES;
				GCC_WARN_64_TO_32_BIT_CONVERSION = YES;
				GCC_WARN_ABOUT_RETURN_TYPE = YES_ERROR;
				GCC_WARN_UNDECLARED_SELECTOR = YES;
				GCC_WARN_UNINITIALIZED_AUTOS = YES_AGGRESSIVE;
				GCC_WARN_UNUSED_FUNCTION = YES;
				GCC_WARN_UNUSED_VARIABLE = YES;
				IPHONEOS_DEPLOYMENT_TARGET = 9.3;
				MTL_ENABLE_DEBUG_INFO = NO;
				SDKROOT = iphoneos;
				VALIDATE_PRODUCT = YES;
			};
			name = Release;
		};
		F98BBF701DAB52E3009AF17B /* Debug */ = {
			isa = XCBuildConfiguration;
			baseConfigurationReference = 31E62559AFCBDF4BC121C8B6 /* Pods-SOStripe.debug.xcconfig */;
			buildSettings = {
				ASSETCATALOG_COMPILER_APPICON_NAME = AppIcon;
				INFOPLIST_FILE = SOStripe/Info.plist;
				LD_RUNPATH_SEARCH_PATHS = "$(inherited) @executable_path/Frameworks";
				PRODUCT_BUNDLE_IDENTIFIER = com.extention.SOStripe;
				PRODUCT_NAME = "$(TARGET_NAME)";
			};
			name = Debug;
		};
		F98BBF711DAB52E3009AF17B /* Release */ = {
			isa = XCBuildConfiguration;
			baseConfigurationReference = 6C9938CDF96E35571DB351CF /* Pods-SOStripe.release.xcconfig */;
			buildSettings = {
				ASSETCATALOG_COMPILER_APPICON_NAME = AppIcon;
				INFOPLIST_FILE = SOStripe/Info.plist;
				LD_RUNPATH_SEARCH_PATHS = "$(inherited) @executable_path/Frameworks";
				PRODUCT_BUNDLE_IDENTIFIER = com.extention.SOStripe;
				PRODUCT_NAME = "$(TARGET_NAME)";
			};
			name = Release;
		};
/* End XCBuildConfiguration section */

/* Begin XCConfigurationList section */
		F98BBF581DAB52E3009AF17B /* Build configuration list for PBXProject "SOStripe" */ = {
			isa = XCConfigurationList;
			buildConfigurations = (
				F98BBF6D1DAB52E3009AF17B /* Debug */,
				F98BBF6E1DAB52E3009AF17B /* Release */,
			);
			defaultConfigurationIsVisible = 0;
			defaultConfigurationName = Release;
		};
		F98BBF6F1DAB52E3009AF17B /* Build configuration list for PBXNativeTarget "SOStripe" */ = {
			isa = XCConfigurationList;
			buildConfigurations = (
				F98BBF701DAB52E3009AF17B /* Debug */,
				F98BBF711DAB52E3009AF17B /* Release */,
			);
			defaultConfigurationIsVisible = 0;
			defaultConfigurationName = Release;
		};
/* End XCConfigurationList section */
	};
	rootObject = F98BBF551DAB52E3009AF17B /* Project object */;
}
